# This file is automatically @generated by Cargo.
# It is not intended for manual editing.
version = 4

[[package]]
name = "canopy-protobuf-runtime-probe"
version = "0.1.0"
dependencies = [
 "canopy-rpc",
 "protobuf",
 "protobuf-codegen",
]

[[package]]
name = "canopy-rpc"
version = "0.1.0"
dependencies = [
 "protobuf",
]

[[package]]
name = "canopy-transport-dynamic-library"
version = "0.1.0"
dependencies = [
 "canopy-rpc",
]

[[package]]
name = "canopy-transport-dynamic-library-test-child"
version = "0.1.0"
dependencies = [
 "canopy-rpc",
 "canopy-transport-dynamic-library",
]

[[package]]
name = "paste"
version = "1.0.15"

[[package]]
name = "protobuf"
version = "4.34.0-release"
dependencies = [
 "paste",
 "protobuf-macros",
]

[[package]]
name = "protobuf-codegen"
version = "4.34.0-release"

[[package]]
name = "protobuf-macros"
version = "4.34.0-release"
